
Microsoft Visual Studio Solution File, Format Version 12.00
# Visual Studio Version 16
VisualStudioVersion = 16.0.30907.101
MinimumVisualStudioVersion = 10.0.40219.1
Project("{FAE04EC0-301F-11D3-BF4B-00C04F79EFBC}") = "Lab3", "Lab3\Lab3.csproj", "{8E4BC8B8-A9FC-49BC-BBF8-924CE5B6421E}"
EndProject
Global
	GlobalSection(SolutionConfigurationPlatforms) = preSolution
		Debug|Any CPU = Debug|Any CPU
		Release|Any CPU = Release|Any CPU
	EndGlobalSection
	GlobalSection(ProjectConfigurationPlatforms) = postSolution
		{8E4BC8B8-A9FC-49BC-BBF8-924CE5B6421E}.Debug|Any CPU.ActiveCfg = Debug|Any CPU
		{8E4BC8B8-A9FC-49BC-BBF8-924CE5B6421E}.Debug|Any CPU.Build.0 = Debug|Any CPU
		{8E4BC8B8-A9FC-49BC-BBF8-924CE5B6421E}.Release|Any CPU.ActiveCfg = Release|Any CPU
		{8E4BC8B8-A9FC-49BC-BBF8-924CE5B6421E}.Release|Any CPU.Build.0 = Release|Any CPU
	EndGlobalSection
	GlobalSection(SolutionProperties) = preSolution
		HideSolutionNode = FALSE
	EndGlobalSection
	GlobalSection(ExtensibilityGlobals) = postSolution
		SolutionGuid = {0EED6BB6-9860-47A8-967D-9FA3323F946C}
	EndGlobalSection
EndGlobal
